
Microsoft Visual Studio Solution File, Format Version 12.00
# Visual Studio 2012
Project("{8BC9CEB8-8B4A-11D0-8D11-00A0C91BC942}") = "Annealing and Genetic Algorithms", "Annealing and Genetic Algorithms\Annealing and Genetic Algorithms.vcxproj", "{24CE5952-1BD7-43EA-A04E-CEE0CDD56420}"
EndProject
Global
	GlobalSection(SolutionConfigurationPlatforms) = preSolution
		Debug|Win32 = Debug|Win32
		Release|Win32 = Release|Win32
	EndGlobalSection
	GlobalSection(ProjectConfigurationPlatforms) = postSolution
		{24CE5952-1BD7-43EA-A04E-CEE0CDD56420}.Debug|Win32.ActiveCfg = Debug|Win32
		{24CE5952-1BD7-43EA-A04E-CEE0CDD56420}.Debug|Win32.Build.0 = Debug|Win32
		{24CE5952-1BD7-43EA-A04E-CEE0CDD56420}.Release|Win32.ActiveCfg = Release|Win32
		{24CE5952-1BD7-43EA-A04E-CEE0CDD56420}.Release|Win32.Build.0 = Release|Win32
	EndGlobalSection
	GlobalSection(SolutionProperties) = preSolution
		HideSolutionNode = FALSE
	EndGlobalSection
	GlobalSection(Performance) = preSolution
		HasPerformanceSessions = true
	EndGlobalSection
EndGlobal
