
Microsoft Visual Studio Solution File, Format Version 12.00
# Visual Studio 2012
Project("{8BC9CEB8-8B4A-11D0-8D11-00A0C91BC942}") = "Lab 2", "Lab 2\Lab 2.vcxproj", "{40B1CCF0-7281-42B1-8942-9B30A5173080}"
EndProject
Global
	GlobalSection(SolutionConfigurationPlatforms) = preSolution
		Debug|Win32 = Debug|Win32
		Release|Win32 = Release|Win32
	EndGlobalSection
	GlobalSection(ProjectConfigurationPlatforms) = postSolution
		{40B1CCF0-7281-42B1-8942-9B30A5173080}.Debug|Win32.ActiveCfg = Debug|Win32
		{40B1CCF0-7281-42B1-8942-9B30A5173080}.Debug|Win32.Build.0 = Debug|Win32
		{40B1CCF0-7281-42B1-8942-9B30A5173080}.Release|Win32.ActiveCfg = Release|Win32
		{40B1CCF0-7281-42B1-8942-9B30A5173080}.Release|Win32.Build.0 = Release|Win32
	EndGlobalSection
	GlobalSection(SolutionProperties) = preSolution
		HideSolutionNode = FALSE
	EndGlobalSection
EndGlobal
