
Microsoft Visual Studio Solution File, Format Version 12.00
# Visual Studio 2012
Project("{8BC9CEB8-8B4A-11D0-8D11-00A0C91BC942}") = "Scanner and Symbol Table", "Scanner and Symbol Table\Scanner and Symbol Table.vcxproj", "{78395F2C-7148-488A-BE8E-67744927E394}"
EndProject
Global
	GlobalSection(SolutionConfigurationPlatforms) = preSolution
		Debug|Win32 = Debug|Win32
		Release|Win32 = Release|Win32
	EndGlobalSection
	GlobalSection(ProjectConfigurationPlatforms) = postSolution
		{78395F2C-7148-488A-BE8E-67744927E394}.Debug|Win32.ActiveCfg = Debug|Win32
		{78395F2C-7148-488A-BE8E-67744927E394}.Debug|Win32.Build.0 = Debug|Win32
		{78395F2C-7148-488A-BE8E-67744927E394}.Release|Win32.ActiveCfg = Release|Win32
		{78395F2C-7148-488A-BE8E-67744927E394}.Release|Win32.Build.0 = Release|Win32
	EndGlobalSection
	GlobalSection(SolutionProperties) = preSolution
		HideSolutionNode = FALSE
	EndGlobalSection
EndGlobal
