
Microsoft Visual Studio Solution File, Format Version 12.00
# Visual Studio 2012
Project("{8BC9CEB8-8B4A-11D0-8D11-00A0C91BC942}") = "lab 10", "lab 10\lab 10.vcxproj", "{92D4266E-1C8F-48C1-89D8-24DD91976905}"
EndProject
Global
	GlobalSection(SolutionConfigurationPlatforms) = preSolution
		Debug|Win32 = Debug|Win32
		Release|Win32 = Release|Win32
	EndGlobalSection
	GlobalSection(ProjectConfigurationPlatforms) = postSolution
		{92D4266E-1C8F-48C1-89D8-24DD91976905}.Debug|Win32.ActiveCfg = Debug|Win32
		{92D4266E-1C8F-48C1-89D8-24DD91976905}.Debug|Win32.Build.0 = Debug|Win32
		{92D4266E-1C8F-48C1-89D8-24DD91976905}.Release|Win32.ActiveCfg = Release|Win32
		{92D4266E-1C8F-48C1-89D8-24DD91976905}.Release|Win32.Build.0 = Release|Win32
	EndGlobalSection
	GlobalSection(SolutionProperties) = preSolution
		HideSolutionNode = FALSE
	EndGlobalSection
EndGlobal
